
Microsoft Visual Studio Solution File, Format Version 12.00
# Visual Studio Version 16
VisualStudioVersion = 16.0.29209.62
MinimumVisualStudioVersion = 10.0.40219.1
Project("{9A19103F-16F7-4668-BE54-9A1E7A4F7556}") = "lca-csharp", "lca-csharp\lca-csharp.csproj", "{EA439F97-6FEC-4E69-92AE-9F19B0AE7C2B}"
EndProject
Project("{FAE04EC0-301F-11D3-BF4B-00C04F79EFBC}") = "LowestCommonAncestorTests", "LowestCommonAncestorTests\LowestCommonAncestorTests.csproj", "{B65E8687-A327-4297-B668-A4DAD8FAE872}"
EndProject
Global
	GlobalSection(SolutionConfigurationPlatforms) = preSolution
		Debug|Any CPU = Debug|Any CPU
		Release|Any CPU = Release|Any CPU
	EndGlobalSection
	GlobalSection(ProjectConfigurationPlatforms) = postSolution
		{EA439F97-6FEC-4E69-92AE-9F19B0AE7C2B}.Debug|Any CPU.ActiveCfg = Debug|Any CPU
		{EA439F97-6FEC-4E69-92AE-9F19B0AE7C2B}.Debug|Any CPU.Build.0 = Debug|Any CPU
		{EA439F97-6FEC-4E69-92AE-9F19B0AE7C2B}.Release|Any CPU.ActiveCfg = Release|Any CPU
		{EA439F97-6FEC-4E69-92AE-9F19B0AE7C2B}.Release|Any CPU.Build.0 = Release|Any CPU
		{B65E8687-A327-4297-B668-A4DAD8FAE872}.Debug|Any CPU.ActiveCfg = Debug|Any CPU
		{B65E8687-A327-4297-B668-A4DAD8FAE872}.Debug|Any CPU.Build.0 = Debug|Any CPU
		{B65E8687-A327-4297-B668-A4DAD8FAE872}.Release|Any CPU.ActiveCfg = Release|Any CPU
		{B65E8687-A327-4297-B668-A4DAD8FAE872}.Release|Any CPU.Build.0 = Release|Any CPU
	EndGlobalSection
	GlobalSection(SolutionProperties) = preSolution
		HideSolutionNode = FALSE
	EndGlobalSection
	GlobalSection(ExtensibilityGlobals) = postSolution
		SolutionGuid = {B632A74D-82DD-408D-9E8D-15162D062E6F}
	EndGlobalSection
EndGlobal
